
Microsoft Visual Studio Solution File, Format Version 12.00
# Visual Studio Version 16
VisualStudioVersion = 16.0.32002.261
MinimumVisualStudioVersion = 10.0.40219.1
Project("{FAE04EC0-301F-11D3-BF4B-00C04F79EFBC}") = "Client", "Client\Client.csproj", "{6194916F-2E0A-41CC-B973-5EBEEC3418C1}"
	ProjectSection(ProjectDependencies) = postProject
		{3DAF5B2C-A345-4155-8DF2-594B4F07C4AF} = {3DAF5B2C-A345-4155-8DF2-594B4F07C4AF}
	EndProjectSection
EndProject
Project("{FAE04EC0-301F-11D3-BF4B-00C04F79EFBC}") = "EService", "EService\EService.csproj", "{3DAF5B2C-A345-4155-8DF2-594B4F07C4AF}"
EndProject
Global
	GlobalSection(SolutionConfigurationPlatforms) = preSolution
		Debug|Any CPU = Debug|Any CPU
		Release|Any CPU = Release|Any CPU
	EndGlobalSection
	GlobalSection(ProjectConfigurationPlatforms) = postSolution
		{6194916F-2E0A-41CC-B973-5EBEEC3418C1}.Debug|Any CPU.ActiveCfg = Debug|Any CPU
		{6194916F-2E0A-41CC-B973-5EBEEC3418C1}.Debug|Any CPU.Build.0 = Debug|Any CPU
		{6194916F-2E0A-41CC-B973-5EBEEC3418C1}.Release|Any CPU.ActiveCfg = Release|Any CPU
		{6194916F-2E0A-41CC-B973-5EBEEC3418C1}.Release|Any CPU.Build.0 = Release|Any CPU
		{3DAF5B2C-A345-4155-8DF2-594B4F07C4AF}.Debug|Any CPU.ActiveCfg = Debug|Any CPU
		{3DAF5B2C-A345-4155-8DF2-594B4F07C4AF}.Debug|Any CPU.Build.0 = Debug|Any CPU
		{3DAF5B2C-A345-4155-8DF2-594B4F07C4AF}.Release|Any CPU.ActiveCfg = Release|Any CPU
		{3DAF5B2C-A345-4155-8DF2-594B4F07C4AF}.Release|Any CPU.Build.0 = Release|Any CPU
	EndGlobalSection
	GlobalSection(SolutionProperties) = preSolution
		HideSolutionNode = FALSE
	EndGlobalSection
	GlobalSection(ExtensibilityGlobals) = postSolution
		SolutionGuid = {537476D8-17DA-41B0-9254-BD8809523BE4}
	EndGlobalSection
EndGlobal
